lockfileVersion: '9.0'

settings:
  autoInstallPeers: true
  excludeLinksFromLockfile: false

importers:

  .:
    dependencies:
      '@ghostery/adblocker-electron':
        specifier: 2.18.2
        version: 2.18.2(electron@44.4.5)
      electron-chrome-extensions:
        specifier: 4.9.0
        version: 4.9.0
      electron-chrome-web-store:
        specifier: 0.13.0
        version: 0.13.0
    devDependencies:
      electron:
        specifier: 44.4.5
        version: 44.4.5

packages:

  '@electron-internal/extract-zip@1.0.5':
    resolution: {integrity: sha512-+bqFCP98pLI0Tt0XQo1TmlXtwjWchISndDOxCkEcIuUgXWpBnLyRI+2DU+mesvnMMX6L1XDqYNA0lXNDHd/yiA==}
    engines: {node: '>=22.12.0'}

  '@electron/get@5.1.0':
    resolution: {integrity: sha512-3kSBtG8ObcTVfXanm5vVJ6UnBLEVmVsRk1M+vGqCuMBV+XLCbJYuWQful+yIy0GQDsSlK0kHEriEHn7SPk4EnA==}
    engines: {node: '>=22.12.0'}

  '@ghostery/adblocker-content@2.18.2':
    resolution: {integrity: sha512-TOe/b4KOBFEc9OjLG+wvgamGcSTIPSDBAL5YSa8lzjBsoSl8IDnfOjeJDldlLacsC/JEUMLkZIDDNknEolJVqg==}

  '@ghostery/adblocker-electron-preload@2.18.2':
    resolution: {integrity: sha512-l941hNABXsUMx1oqVSHjRMQXWFCmlC/DF8rHBBOH+A0uxLjL6r62Fl6KsL7F4hxlg3dyWrDPEIcKzaxWqRdfOg==}
    peerDependencies:
      electron: '>11'

  '@ghostery/adblocker-electron@2.18.2':
    resolution: {integrity: sha512-lpPh7EmFLDIW+OyUKaYCUUUHwVfVXpwlwfxzo6Ilc+oH6N+rCTViT08olX4jXsfxezZ6zfyCG5SL9iLBU1wrng==}
    peerDependencies:
      electron: '>11'

  '@ghostery/adblocker-extended-selectors@2.18.2':
    resolution: {integrity: sha512-doKNShBk3+czQL08UkrysHkCPeG/kNPlXvz3DH7SXxD9Y78ovWkEAhjeR+upoan3fomJJuK3dD+IrlofnjckYw==}

  '@ghostery/adblocker@2.18.2':
    resolution: {integrity: sha512-x6zEkf1dHSN0t4ExLmuN6nIgH0oAi6laoKe5yGsiIB4jkEvutea1PJgxgRUIjWfNbDRmkf4GjUtuqQFZgvQG1w==}

  '@ghostery/url-parser@1.3.1':
    resolution: {integrity: sha512-QKqGi+7aDQ4RcyHyCwgEk6B9vWnsBP4Q7htaN0zPJV3ATqTKEQDtSTb9c/AN586oJUDs24YXKcwFYwNweY/YjQ==}

  '@remusao/guess-url-type@2.1.0':
    resolution: {integrity: sha512-zI3dlTUxpjvx2GCxp9nLOSK5yEIqDCpxlAVGwb2Y49RKkS72oeNaxxo+VWS5+XQ5+Mf8Zfp9ZXIlk+G5eoEN8A==}

  '@remusao/small@2.1.0':
    resolution: {integrity: sha512-Y1kyjZp7JU7dXdyOdxHVNfoTr1XLZJTyQP36/esZUU/WRWq9XY0PV2HsE3CsIHuaTf4pvgWv2pvzvnZ//UHIJQ==}

  '@remusao/smaz-compress@2.2.0':
    resolution: {integrity: sha512-TXpTPgILRUYOt2rEe0+9PC12xULPvBqeMpmipzB9A7oM4fa9Ztvy9lLYzPTd7tiQEeoNa1pmxihpKfJtsxnM/w==}

  '@remusao/smaz-decompress@2.2.0':
    resolution: {integrity: sha512-ERAPwxPaA0/yg4hkNU7T2S+lnp9jj1sApcQMtOyROvOQyo+Zuh6Hn/oRcXr8mmjlYzyRaC7E6r3mT1nrdHR6pg==}

  '@remusao/smaz@2.2.0':
    resolution: {integrity: sha512-eSd3Qs0ELP/e7tU1SI5RWXcCn9KjDgvBY+KtWbL4i2QvvHhJOfdIt4v0AA3S5BbLWAr5dCEC7C4LUfogDm6q/Q==}

  '@remusao/trie@2.1.0':
    resolution: {integrity: sha512-Er3Q8q0/2OcCJPQYJOPLmCuqO0wu7cav3SPtpjlxSbjFi1x+A1pZkkLD6c9q2rGEkGW/tkrRzfrhNMt8VQjzXg==}

  '@types/chrome@0.0.287':
    resolution: {integrity: sha512-wWhBNPNXZHwycHKNYnexUcpSbrihVZu++0rdp6GEk5ZgAglenLx+RwdEouh6FrHS0XQiOxSd62yaujM1OoQlZQ==}

  '@types/filesystem@0.0.36':
    resolution: {integrity: sha512-vPDXOZuannb9FZdxgHnqSwAG/jvdGM8Wq+6N4D/d80z+D4HWH+bItqsZaVRQykAn6WEVeEkLm2oQigyHtgb0RA==}

  '@types/filewriter@0.0.33':
    resolution: {integrity: sha512-xFU8ZXTw4gd358lb2jw25nxY9QAgqn2+bKKjKOYfNCzN4DKCFetK7sPtrlpg66Ywe3vWY9FNxprZawAh9wfJ3g==}

  '@types/har-format@1.2.16':
    resolution: {integrity: sha512-fluxdy7ryD3MV6h8pTfTYpy/xQzCFC7m89nOH9y94cNqJ1mDIDPut7MnRHI3F6qRmh/cT2fUjG1MLdCNb4hE9A==}

  '@types/node@24.19.0':
    resolution: {integrity: sha512-zY+5tKxXdhGh1PYI0ac+7juvEu4OI6vWtVVoj5i2m42jxAY1U+zHGt6QCyOFwykdP62sM3MJ9stoYYUw5aCWew==}

  adm-zip@0.5.18:
    resolution: {integrity: sha512-ufJnssQGbxzLNS1Ho9bCtX4rQKCCvoVuDLHoJyc3F9dOGDB4BkWs2Ci0kv53lqocAEQ/Cbi+I2XCsNYGqVYqng==}
    engines: {node: '>=12.0'}

  debug@4.4.3:
    resolution: {integrity: sha512-RGwwWnwQvkVfavKVt22FGLw+xYSdzARwm0ru6DhTVA3umU5hZc28V3kO4stgYryrTlLpuvgI9GiijltAjNbcqA==}
    engines: {node: '>=6.0'}
    peerDependencies:
      supports-color: '*'
    peerDependenciesMeta:
      supports-color:
        optional: true

  electron-chrome-extensions@4.9.0:
    resolution: {integrity: sha512-4kLlh4sPPF0ieOy/Gw7A7KrmqB07megDLqOWAWXdFLAYu+2AeOGME6uOBa80NZLbKgTqBvrsVDZ+epdszRm/EQ==}

  electron-chrome-web-store@0.13.0:
    resolution: {integrity: sha512-2haYZKPo+Hnkcffxae1QxTu9usYDz0KGl1vUlgTSLYgfuILPVymMoGKDk4RUFG0CJLVS40VLnY+FifT7UxUJFw==}

  electron@44.4.5:
    resolution: {integrity: sha512-SjgoaeYsSWZfJzubgQU7juvuXMTvn6/e1gAHdGFA/yuMbpF+I+skYqIJ6DdXBXHeWbkbpNpmwZCTpiivtlWZSw==}
    engines: {node: '>= 22.12.0'}
    hasBin: true

  env-paths@3.0.0:
    resolution: {integrity: sha512-dtJUTepzMW3Lm/NPxRf3wP4642UWhjL2sQxc+ym2YMj1m/H2zDNQOlezafzkHwn6sMstjHTwG6iQQsctDW/b1A==}
    engines: {node: ^12.20.0 || ^14.13.1 || >=16.0.0}

  graceful-fs@4.2.11:
    resolution: {integrity: sha512-RbJ5/jmFcNNCcDV5o9eTnBLJ/HszWV0P73bc+Ff4nS/rJj+YaS6IGyiOL0VoBYX+l1Wrl3k63h/KrH+nhJ0XvQ==}

  ms@2.1.3:
    resolution: {integrity: sha512-6FlzubTLZG3J2a/NVCAleEhjzq5oxgHyaCU9yYXvcLsvoVaHJq/s5xXI6/XXP6tz7R9xAOtHnSO/tXtF3WRTlA==}

  pbf@4.0.2:
    resolution: {integrity: sha512-J0ajxARhZfpUEebxYs1vhMGMuLSXtBe1e+fFPDrf2uA2hgo+UshKfNUWOz92HJNz6/NFEXseQPddnHkTreWRqg==}
    hasBin: true

  progress@2.0.3:
    resolution: {integrity: sha512-7PiHtLll5LdnKIMw100I+8xJXR5gW2QwWYkT6iJva0bXitZKa/XMrSbdmg3r2Xnaidz9Qumd0VPaMrZlF9V9sA==}
    engines: {node: '>=0.4.0'}

  protocol-buffers-schema@3.6.1:
    resolution: {integrity: sha512-VG2K63Igkiv9p76tk1lilczEK1cT+kCjKtkdhw1dQZV3k3IXJbd3o6Ho8b9zJZaHSnT2hKe4I+ObmX9w6m5SmQ==}

  resolve-protobuf-schema@2.1.0:
    resolution: {integrity: sha512-kI5ffTiZWmJaS/huM8wZfEMer1eRd7oJQhDuxeCLe3t7N7mX3z94CN0xPxBQxFYQTSNz9T0i+v6inKqSdK8xrQ==}

  semver@7.8.5:
    resolution: {integrity: sha512-Y7/KDsb8LjooZpwaqGyulO6DQlksgCncchHGk+sZIY4SBvUocMBEFH5Ur1fI4dV+Jvl0w6cjvucaIi40puRioA==}
    engines: {node: '>=10'}
    hasBin: true

  sumchecker@3.0.1:
    resolution: {integrity: sha512-MvjXzkz/BOfyVDkG0oFOtBxHX2u3gKbMHIF/dXblZsgD3BWOFLmHovIpZY7BykJdAjcqRCBi1WYBNdEC9yI7vg==}
    engines: {node: '>= 8.0'}

  tldts-core@7.4.15:
    resolution: {integrity: sha512-ERuv0p98XgSzmlSLJr8vDNxX+uATGInlN97V3R+JpYWaSqn5IG3ewWgCwczk4bkOpgth/o8Nt5FOi4B4w0n/1A==}

  tldts-experimental@7.4.15:
    resolution: {integrity: sha512-IHFsr0juxP1k2JemWCefrfnHaVX1NHgpRApdnGvgItJSEZvhcEv2yOt2DVJ3j7aPbEEoxjN7dci7+mtZmfGIJw==}

  undici-types@7.24.6:
    resolution: {integrity: sha512-WRNW+sJgj5OBN4/0JpHFqtqzhpbnV0GuB+OozA9gCL7a993SmU+1JBZCzLNxYsbMfIeDL+lTsphD5jN5N+n0zg==}

  undici@7.30.0:
    resolution: {integrity: sha512-dkrQXeHSaoamnItlYbmzG0wFYrM0ZwDxCIg0A7aKjTyyhh9svRzCNFEzV+Vm05/yehjCzjDZ31KXfGEjYSztDQ==}
    engines: {node: '>=20.18.1'}

snapshots:

  '@electron-internal/extract-zip@1.0.5': {}

  '@electron/get@5.1.0':
    dependencies:
      debug: 4.4.3
      env-paths: 3.0.0
      graceful-fs: 4.2.11
      progress: 2.0.3
      semver: 7.8.5
      sumchecker: 3.0.1
    optionalDependencies:
      undici: 7.30.0
    transitivePeerDependencies:
      - supports-color

  '@ghostery/adblocker-content@2.18.2':
    dependencies:
      '@ghostery/adblocker-extended-selectors': 2.18.2

  '@ghostery/adblocker-electron-preload@2.18.2(electron@44.4.5)':
    dependencies:
      '@ghostery/adblocker-content': 2.18.2
      electron: 44.4.5

  '@ghostery/adblocker-electron@2.18.2(electron@44.4.5)':
    dependencies:
      '@ghostery/adblocker': 2.18.2
      '@ghostery/adblocker-electron-preload': 2.18.2(electron@44.4.5)
      electron: 44.4.5
      tldts-experimental: 7.4.15

  '@ghostery/adblocker-extended-selectors@2.18.2': {}

  '@ghostery/adblocker@2.18.2':
    dependencies:
      '@ghostery/adblocker-content': 2.18.2
      '@ghostery/adblocker-extended-selectors': 2.18.2
      '@ghostery/url-parser': 1.3.1
      '@remusao/guess-url-type': 2.1.0
      '@remusao/small': 2.1.0
      '@remusao/smaz': 2.2.0
      tldts-experimental: 7.4.15

  '@ghostery/url-parser@1.3.1':
    dependencies:
      tldts-experimental: 7.4.15

  '@remusao/guess-url-type@2.1.0': {}

  '@remusao/small@2.1.0': {}

  '@remusao/smaz-compress@2.2.0':
    dependencies:
      '@remusao/trie': 2.1.0

  '@remusao/smaz-decompress@2.2.0': {}

  '@remusao/smaz@2.2.0':
    dependencies:
      '@remusao/smaz-compress': 2.2.0
      '@remusao/smaz-decompress': 2.2.0

  '@remusao/trie@2.1.0': {}

  '@types/chrome@0.0.287':
    dependencies:
      '@types/filesystem': 0.0.36
      '@types/har-format': 1.2.16

  '@types/filesystem@0.0.36':
    dependencies:
      '@types/filewriter': 0.0.33

  '@types/filewriter@0.0.33': {}

  '@types/har-format@1.2.16': {}

  '@types/node@24.19.0':
    dependencies:
      undici-types: 7.24.6

  adm-zip@0.5.18: {}

  debug@4.4.3:
    dependencies:
      ms: 2.1.3

  electron-chrome-extensions@4.9.0:
    dependencies:
      debug: 4.4.3
    transitivePeerDependencies:
      - supports-color

  electron-chrome-web-store@0.13.0:
    dependencies:
      '@types/chrome': 0.0.287
      adm-zip: 0.5.18
      debug: 4.4.3
      pbf: 4.0.2
    transitivePeerDependencies:
      - supports-color

  electron@44.4.5:
    dependencies:
      '@electron-internal/extract-zip': 1.0.5
      '@electron/get': 5.1.0
      '@types/node': 24.19.0
    transitivePeerDependencies:
      - supports-color

  env-paths@3.0.0: {}

  graceful-fs@4.2.11: {}

  ms@2.1.3: {}

  pbf@4.0.2:
    dependencies:
      resolve-protobuf-schema: 2.1.0

  progress@2.0.3: {}

  protocol-buffers-schema@3.6.1: {}

  resolve-protobuf-schema@2.1.0:
    dependencies:
      protocol-buffers-schema: 3.6.1

  semver@7.8.5: {}

  sumchecker@3.0.1:
    dependencies:
      debug: 4.4.3
    transitivePeerDependencies:
      - supports-color

  tldts-core@7.4.15: {}

  tldts-experimental@7.4.15:
    dependencies:
      tldts-core: 7.4.15

  undici-types@7.24.6: {}

  undici@7.30.0:
    optional: true
